// !$*UTF8*$!
{
	archiveVersion = 1;
	classes = {
	};
	objectVersion = 56;
	objects = {

/* Begin PBXBuildFile section */
		1EEE22AC29A03298002ED389 /* EmbarqueTenaresInternalAppApp.swift in Sources */ = {isa = PBXBuildFile; fileRef = 1EEE22AB29A03298002ED389 /* EmbarqueTenaresInternalAppApp.swift */; };
		1EEE22AE29A03298002ED389 /* ContentView.swift in Sources */ = {isa = PBXBuildFile; fileRef = 1EEE22AD29A03298002ED389 /* ContentView.swift */; };
		1EEE22B029A03299002ED389 /* Assets.xcassets in Resources */ = {isa = PBXBuildFile; fileRef = 1EEE22AF29A03299002ED389 /* Assets.xcassets */; };
		1EEE22B329A03299002ED389 /* Preview Assets.xcassets in Resources */ = {isa = PBXBuildFile; fileRef = 1EEE22B229A03299002ED389 /* Preview Assets.xcassets */; };
		1EEE22BC29A03331002ED389 /* BoxesTracker.swift in Sources */ = {isa = PBXBuildFile; fileRef = 1EEE22BB29A03331002ED389 /* BoxesTracker.swift */; };
		1EEE22BE29A0333B002ED389 /* BarrelsTracker.swift in Sources */ = {isa = PBXBuildFile; fileRef = 1EEE22BD29A0333B002ED389 /* BarrelsTracker.swift */; };
		1EEE22C029A0334F002ED389 /* TransactionTracker.swift in Sources */ = {isa = PBXBuildFile; fileRef = 1EEE22BF29A0334F002ED389 /* TransactionTracker.swift */; };
		1EEE22C229A03366002ED389 /* OtherTracker.swift in Sources */ = {isa = PBXBuildFile; fileRef = 1EEE22C129A03366002ED389 /* OtherTracker.swift */; };
		1EEE22C829A037EE002ED389 /* Transaction.swift in Sources */ = {isa = PBXBuildFile; fileRef = 1EEE22C729A037EE002ED389 /* Transaction.swift */; };
		1EEE22CE29A03AE1002ED389 /* TransactionRow.swift in Sources */ = {isa = PBXBuildFile; fileRef = 1EEE22CD29A03AE1002ED389 /* TransactionRow.swift */; };
		1EEE22D129A134F0002ED389 /* TransactionTrackerViewModel.swift in Sources */ = {isa = PBXBuildFile; fileRef = 1EEE22D029A134F0002ED389 /* TransactionTrackerViewModel.swift */; };
		1EEE22D329A4FF40002ED389 /* EditTransctionView.swift in Sources */ = {isa = PBXBuildFile; fileRef = 1EEE22D229A4FF40002ED389 /* EditTransctionView.swift */; };
/* End PBXBuildFile section */

/* Begin PBXFileReference section */
		1EEE22A829A03298002ED389 /* EmbarqueTenaresInternalApp.app */ = {isa = PBXFileReference; explicitFileType = wrapper.application; includeInIndex = 0; path = EmbarqueTenaresInternalApp.app; sourceTree = BUILT_PRODUCTS_DIR; };
		1EEE22AB29A03298002ED389 /* EmbarqueTenaresInternalAppApp.swift */ = {isa = PBXFileReference; lastKnownFileType = sourcecode.swift; path = EmbarqueTenaresInternalAppApp.swift; sourceTree = "<group>"; };
		1EEE22AD29A03298002ED389 /* ContentView.swift */ = {isa = PBXFileReference; lastKnownFileType = sourcecode.swift; path = ContentView.swift; sourceTree = "<group>"; };
		1EEE22AF29A03299002ED389 /* Assets.xcassets */ = {isa = PBXFileReference; lastKnownFileType = folder.assetcatalog; path = Assets.xcassets; sourceTree = "<group>"; };
		1EEE22B229A03299002ED389 /* Preview Assets.xcassets */ = {isa = PBXFileReference; lastKnownFileType = folder.assetcatalog; path = "Preview Assets.xcassets"; sourceTree = "<group>"; };
		1EEE22BB29A03331002ED389 /* BoxesTracker.swift */ = {isa = PBXFileReference; lastKnownFileType = sourcecode.swift; path = BoxesTracker.swift; sourceTree = "<group>"; };
		1EEE22BD29A0333B002ED389 /* BarrelsTracker.swift */ = {isa = PBXFileReference; lastKnownFileType = sourcecode.swift; path = BarrelsTracker.swift; sourceTree = "<group>"; };
		1EEE22BF29A0334F002ED389 /* TransactionTracker.swift */ = {isa = PBXFileReference; lastKnownFileType = sourcecode.swift; path = TransactionTracker.swift; sourceTree = "<group>"; };
		1EEE22C129A03366002ED389 /* OtherTracker.swift */ = {isa = PBXFileReference; lastKnownFileType = sourcecode.swift; path = OtherTracker.swift; sourceTree = "<group>"; };
		1EEE22C729A037EE002ED389 /* Transaction.swift */ = {isa = PBXFileReference; lastKnownFileType = sourcecode.swift; path = Transaction.swift; sourceTree = "<group>"; };
		1EEE22CD29A03AE1002ED389 /* TransactionRow.swift */ = {isa = PBXFileReference; lastKnownFileType = sourcecode.swift; path = TransactionRow.swift; sourceTree = "<group>"; };
		1EEE22D029A134F0002ED389 /* TransactionTrackerViewModel.swift */ = {isa = PBXFileReference; lastKnownFileType = sourcecode.swift; path = TransactionTrackerViewModel.swift; sourceTree = "<group>"; };
		1EEE22D229A4FF40002ED389 /* EditTransctionView.swift */ = {isa = PBXFileReference; lastKnownFileType = sourcecode.swift; path = EditTransctionView.swift; sourceTree = "<group>"; };
/* End PBXFileReference section */

/* Begin PBXFrameworksBuildPhase section */
		1EEE22A529A03298002ED389 /* Frameworks */ = {
			isa = PBXFrameworksBuildPhase;
			buildActionMask = 2147483647;
			files = (
			);
			runOnlyForDeploymentPostprocessing = 0;
		};
/* End PBXFrameworksBuildPhase section */

/* Begin PBXGroup section */
		1EEE229F29A03298002ED389 = {
			isa = PBXGroup;
			children = (
				1EEE22AA29A03298002ED389 /* EmbarqueTenaresInternalApp */,
				1EEE22A929A03298002ED389 /* Products */,
			);
			sourceTree = "<group>";
		};
		1EEE22A929A03298002ED389 /* Products */ = {
			isa = PBXGroup;
			children = (
				1EEE22A829A03298002ED389 /* EmbarqueTenaresInternalApp.app */,
			);
			name = Products;
			sourceTree = "<group>";
		};
		1EEE22AA29A03298002ED389 /* EmbarqueTenaresInternalApp */ = {
			isa = PBXGroup;
			children = (
				1EEE22CF29A134C5002ED389 /* ViewModel */,
				1EEE22C429A03795002ED389 /* Model */,
				1EEE22C329A03791002ED389 /* View */,
				1EEE22AB29A03298002ED389 /* EmbarqueTenaresInternalAppApp.swift */,
				1EEE22AF29A03299002ED389 /* Assets.xcassets */,
				1EEE22B129A03299002ED389 /* Preview Content */,
			);
			path = EmbarqueTenaresInternalApp;
			sourceTree = "<group>";
		};
		1EEE22B129A03299002ED389 /* Preview Content */ = {
			isa = PBXGroup;
			children = (
				1EEE22B229A03299002ED389 /* Preview Assets.xcassets */,
			);
			path = "Preview Content";
			sourceTree = "<group>";
		};
		1EEE22C329A03791002ED389 /* View */ = {
			isa = PBXGroup;
			children = (
				1EEE22AD29A03298002ED389 /* ContentView.swift */,
				1EEE22BF29A0334F002ED389 /* TransactionTracker.swift */,
				1EEE22BD29A0333B002ED389 /* BarrelsTracker.swift */,
				1EEE22C129A03366002ED389 /* OtherTracker.swift */,
				1EEE22BB29A03331002ED389 /* BoxesTracker.swift */,
				1EEE22CD29A03AE1002ED389 /* TransactionRow.swift */,
				1EEE22D229A4FF40002ED389 /* EditTransctionView.swift */,
			);
			path = View;
			sourceTree = "<group>";
		};
		1EEE22C429A03795002ED389 /* Model */ = {
			isa = PBXGroup;
			children = (
				1EEE22C729A037EE002ED389 /* Transaction.swift */,
			);
			path = Model;
			sourceTree = "<group>";
		};
		1EEE22CF29A134C5002ED389 /* ViewModel */ = {
			isa = PBXGroup;
			children = (
				1EEE22D029A134F0002ED389 /* TransactionTrackerViewModel.swift */,
			);
			path = ViewModel;
			sourceTree = "<group>";
		};
/* End PBXGroup section */

/* Begin PBXNativeTarget section */
		1EEE22A729A03298002ED389 /* EmbarqueTenaresInternalApp */ = {
			isa = PBXNativeTarget;
			buildConfigurationList = 1EEE22B629A03299002ED389 /* Build configuration list for PBXNativeTarget "EmbarqueTenaresInternalApp" */;
			buildPhases = (
				1EEE22A429A03298002ED389 /* Sources */,
				1EEE22A529A03298002ED389 /* Frameworks */,
				1EEE22A629A03298002ED389 /* Resources */,
			);
			buildRules = (
			);
			dependencies = (
			);
			name = EmbarqueTenaresInternalApp;
			productName = EmbarqueTenaresInternalApp;
			productReference = 1EEE22A829A03298002ED389 /* EmbarqueTenaresInternalApp.app */;
			productType = "com.apple.product-type.application";
		};
/* End PBXNativeTarget section */

/* Begin PBXProject section */
		1EEE22A029A03298002ED389 /* Project object */ = {
			isa = PBXProject;
			attributes = {
				BuildIndependentTargetsInParallel = 1;
				LastSwiftUpdateCheck = 1410;
				LastUpgradeCheck = 1410;
				TargetAttributes = {
					1EEE22A729A03298002ED389 = {
						CreatedOnToolsVersion = 14.1;
					};
				};
			};
			buildConfigurationList = 1EEE22A329A03298002ED389 /* Build configuration list for PBXProject "EmbarqueTenaresInternalApp" */;
			compatibilityVersion = "Xcode 14.0";
			developmentRegion = en;
			hasScannedForEncodings = 0;
			knownRegions = (
				en,
				Base,
			);
			mainGroup = 1EEE229F29A03298002ED389;
			productRefGroup = 1EEE22A929A03298002ED389 /* Products */;
			projectDirPath = "";
			projectRoot = "";
			targets = (
				1EEE22A729A03298002ED389 /* EmbarqueTenaresInternalApp */,
			);
		};
/* End PBXProject section */

/* Begin PBXResourcesBuildPhase section */
		1EEE22A629A03298002ED389 /* Resources */ = {
			isa = PBXResourcesBuildPhase;
			buildActionMask = 2147483647;
			files = (
				1EEE22B329A03299002ED389 /* Preview Assets.xcassets in Resources */,
				1EEE22B029A03299002ED389 /* Assets.xcassets in Resources */,
			);
			runOnlyForDeploymentPostprocessing = 0;
		};
/* End PBXResourcesBuildPhase section */

/* Begin PBXSourcesBuildPhase section */
		1EEE22A429A03298002ED389 /* Sources */ = {
			isa = PBXSourcesBuildPhase;
			buildActionMask = 2147483647;
			files = (
				1EEE22C829A037EE002ED389 /* Transaction.swift in Sources */,
				1EEE22C229A03366002ED389 /* OtherTracker.swift in Sources */,
				1EEE22AE29A03298002ED389 /* ContentView.swift in Sources */,
				1EEE22D329A4FF40002ED389 /* EditTransctionView.swift in Sources */,
				1EEE22BE29A0333B002ED389 /* BarrelsTracker.swift in Sources */,
				1EEE22D129A134F0002ED389 /* TransactionTrackerViewModel.swift in Sources */,
				1EEE22BC29A03331002ED389 /* BoxesTracker.swift in Sources */,
				1EEE22CE29A03AE1002ED389 /* TransactionRow.swift in Sources */,
				1EEE22AC29A03298002ED389 /* EmbarqueTenaresInternalAppApp.swift in Sources */,
				1EEE22C029A0334F002ED389 /* TransactionTracker.swift in Sources */,
			);
			runOnlyForDeploymentPostprocessing = 0;
		};
/* End PBXSourcesBuildPhase section */

/* Begin XCBuildConfiguration section */
		1EEE22B429A03299002ED389 /* Debug */ = {
			isa = XCBuildConfiguration;
			buildSettings = {
				ALWAYS_SEARCH_USER_PATHS = NO;
				CLANG_ANALYZER_NONNULL = YES;
				CLANG_ANALYZER_NUMBER_OBJECT_CONVERSION = YES_AGGRESSIVE;
				CLANG_CXX_LANGUAGE_STANDARD = "gnu++20";
				CLANG_ENABLE_MODULES = YES;
				CLANG_ENABLE_OBJC_ARC = YES;
				CLANG_ENABLE_OBJC_WEAK = YES;
				CLANG_WARN_BLOCK_CAPTURE_AUTORELEASING = YES;
				CLANG_WARN_BOOL_CONVERSION = YES;
				CLANG_WARN_COMMA = YES;
				CLANG_WARN_CONSTANT_CONVERSION = YES;
				CLANG_WARN_DEPRECATED_OBJC_IMPLEMENTATIONS = YES;
				CLANG_WARN_DIRECT_OBJC_ISA_USAGE = YES_ERROR;
				CLANG_WARN_DOCUMENTATION_COMMENTS = YES;
				CLANG_WARN_EMPTY_BODY = YES;
				CLANG_WARN_ENUM_CONVERSION = YES;
				CLANG_WARN_INFINITE_RECURSION = YES;
				CLANG_WARN_INT_CONVERSION = YES;
				CLANG_WARN_NON_LITERAL_NULL_CONVERSION = YES;
				CLANG_WARN_OBJC_IMPLICIT_RETAIN_SELF = YES;
				CLANG_WARN_OBJC_LITERAL_CONVERSION = YES;
				CLANG_WARN_OBJC_ROOT_CLASS = YES_ERROR;
				CLANG_WARN_QUOTED_INCLUDE_IN_FRAMEWORK_HEADER = YES;
				CLANG_WARN_RANGE_LOOP_ANALYSIS = YES;
				CLANG_WARN_STRICT_PROTOTYPES = YES;
				CLANG_WARN_SUSPICIOUS_MOVE = YES;
				CLANG_WARN_UNGUARDED_AVAILABILITY = YES_AGGRESSIVE;
				CLANG_WARN_UNREACHABLE_CODE = YES;
				CLANG_WARN__DUPLICATE_METHOD_MATCH = YES;
				COPY_PHASE_STRIP = NO;
				DEBUG_INFORMATION_FORMAT = dwarf;
				ENABLE_STRICT_OBJC_MSGSEND = YES;
				ENABLE_TESTABILITY = YES;
				GCC_C_LANGUAGE_STANDARD = gnu11;
				GCC_DYNAMIC_NO_PIC = NO;
				GCC_NO_COMMON_BLOCKS = YES;
				GCC_OPTIMIZATION_LEVEL = 0;
				GCC_PREPROCESSOR_DEFINITIONS = (
					"DEBUG=1",
					"$(inherited)",
				);
				GCC_WARN_64_TO_32_BIT_CONVERSION = YES;
				GCC_WARN_ABOUT_RETURN_TYPE = YES_ERROR;
				GCC_WARN_UNDECLARED_SELECTOR = YES;
				GCC_WARN_UNINITIALIZED_AUTOS = YES_AGGRESSIVE;
				GCC_WARN_UNUSED_FUNCTION = YES;
				GCC_WARN_UNUSED_VARIABLE = YES;
				IPHONEOS_DEPLOYMENT_TARGET = 16.1;
				MTL_ENABLE_DEBUG_INFO = INCLUDE_SOURCE;
				MTL_FAST_MATH = YES;
				ONLY_ACTIVE_ARCH = YES;
				SDKROOT = iphoneos;
				SWIFT_ACTIVE_COMPILATION_CONDITIONS = DEBUG;
				SWIFT_OPTIMIZATION_LEVEL = "-Onone";
			};
			name = Debug;
		};
		1EEE22B529A03299002ED389 /* Release */ = {
			isa = XCBuildConfiguration;
			buildSettings = {
				ALWAYS_SEARCH_USER_PATHS = NO;
				CLANG_ANALYZER_NONNULL = YES;
				CLANG_ANALYZER_NUMBER_OBJECT_CONVERSION = YES_AGGRESSIVE;
				CLANG_CXX_LANGUAGE_STANDARD = "gnu++20";
				CLANG_ENABLE_MODULES = YES;
				CLANG_ENABLE_OBJC_ARC = YES;
				CLANG_ENABLE_OBJC_WEAK = YES;
				CLANG_WARN_BLOCK_CAPTURE_AUTORELEASING = YES;
				CLANG_WARN_BOOL_CONVERSION = YES;
				CLANG_WARN_COMMA = YES;
				CLANG_WARN_CONSTANT_CONVERSION = YES;
				CLANG_WARN_DEPRECATED_OBJC_IMPLEMENTATIONS = YES;
				CLANG_WARN_DIRECT_OBJC_ISA_USAGE = YES_ERROR;
				CLANG_WARN_DOCUMENTATION_COMMENTS = YES;
				CLANG_WARN_EMPTY_BODY = YES;
				CLANG_WARN_ENUM_CONVERSION = YES;
				CLANG_WARN_INFINITE_RECURSION = YES;
				CLANG_WARN_INT_CONVERSION = YES;
				CLANG_WARN_NON_LITERAL_NULL_CONVERSION = YES;
				CLANG_WARN_OBJC_IMPLICIT_RETAIN_SELF = YES;
				CLANG_WARN_OBJC_LITERAL_CONVERSION = YES;
				CLANG_WARN_OBJC_ROOT_CLASS = YES_ERROR;
				CLANG_WARN_QUOTED_INCLUDE_IN_FRAMEWORK_HEADER = YES;
				CLANG_WARN_RANGE_LOOP_ANALYSIS = YES;
				CLANG_WARN_STRICT_PROTOTYPES = YES;
				CLANG_WARN_SUSPICIOUS_MOVE = YES;
				CLANG_WARN_UNGUARDED_AVAILABILITY = YES_AGGRESSIVE;
				CLANG_WARN_UNREACHABLE_CODE = YES;
				CLANG_WARN__DUPLICATE_METHOD_MATCH = YES;
				COPY_PHASE_STRIP = NO;
				DEBUG_INFORMATION_FORMAT = "dwarf-with-dsym";
				ENABLE_NS_ASSERTIONS = NO;
				ENABLE_STRICT_OBJC_MSGSEND = YES;
				GCC_C_LANGUAGE_STANDARD = gnu11;
				GCC_NO_COMMON_BLOCKS = YES;
				GCC_WARN_64_TO_32_BIT_CONVERSION = YES;
				GCC_WARN_ABOUT_RETURN_TYPE = YES_ERROR;
				GCC_WARN_UNDECLARED_SELECTOR = YES;
				GCC_WARN_UNINITIALIZED_AUTOS = YES_AGGRESSIVE;
				GCC_WARN_UNUSED_FUNCTION = YES;
				GCC_WARN_UNUSED_VARIABLE = YES;
				IPHONEOS_DEPLOYMENT_TARGET = 16.1;
				MTL_ENABLE_DEBUG_INFO = NO;
				MTL_FAST_MATH = YES;
				SDKROOT = iphoneos;
				SWIFT_COMPILATION_MODE = wholemodule;
				SWIFT_OPTIMIZATION_LEVEL = "-O";
				VALIDATE_PRODUCT = YES;
			};
			name = Release;
		};
		1EEE22B729A03299002ED389 /* Debug */ = {
			isa = XCBuildConfiguration;
			buildSettings = {
				ASSETCATALOG_COMPILER_APPICON_NAME = AppIcon;
				ASSETCATALOG_COMPILER_GLOBAL_ACCENT_COLOR_NAME = AccentColor;
				CODE_SIGN_STYLE = Automatic;
				CURRENT_PROJECT_VERSION = 1;
				DEVELOPMENT_ASSET_PATHS = "\"EmbarqueTenaresInternalApp/Preview Content\"";
				DEVELOPMENT_TEAM = 49AKYU26GJ;
				ENABLE_PREVIEWS = YES;
				GENERATE_INFOPLIST_FILE = YES;
				INFOPLIST_KEY_UIApplicationSceneManifest_Generation = YES;
				INFOPLIST_KEY_UIApplicationSupportsIndirectInputEvents = YES;
				INFOPLIST_KEY_UILaunchScreen_Generation = YES;
				INFOPLIST_KEY_UISupportedInterfaceOrientations_iPad = "UIInterfaceOrientationPortrait UIInterfaceOrientationPortraitUpsideDown UIInterfaceOrientationLandscapeLeft UIInterfaceOrientationLandscapeRight";
				INFOPLIST_KEY_UISupportedInterfaceOrientations_iPhone = "UIInterfaceOrientationPortrait UIInterfaceOrientationLandscapeLeft UIInterfaceOrientationLandscapeRight";
				LD_RUNPATH_SEARCH_PATHS = (
					"$(inherited)",
					"@executable_path/Frameworks",
				);
				MARKETING_VERSION = 1.0;
				PRODUCT_BUNDLE_IDENTIFIER = elkingarcia.EmbarqueTenaresInternalApp;
				PRODUCT_NAME = "$(TARGET_NAME)";
				SWIFT_EMIT_LOC_STRINGS = YES;
				SWIFT_VERSION = 5.0;
				TARGETED_DEVICE_FAMILY = "1,2";
			};
			name = Debug;
		};
		1EEE22B829A03299002ED389 /* Release */ = {
			isa = XCBuildConfiguration;
			buildSettings = {
				ASSETCATALOG_COMPILER_APPICON_NAME = AppIcon;
				ASSETCATALOG_COMPILER_GLOBAL_ACCENT_COLOR_NAME = AccentColor;
				CODE_SIGN_STYLE = Automatic;
				CURRENT_PROJECT_VERSION = 1;
				DEVELOPMENT_ASSET_PATHS = "\"EmbarqueTenaresInternalApp/Preview Content\"";
				DEVELOPMENT_TEAM = 49AKYU26GJ;
				ENABLE_PREVIEWS = YES;
				GENERATE_INFOPLIST_FILE = YES;
				INFOPLIST_KEY_UIApplicationSceneManifest_Generation = YES;
				INFOPLIST_KEY_UIApplicationSupportsIndirectInputEvents = YES;
				INFOPLIST_KEY_UILaunchScreen_Generation = YES;
				INFOPLIST_KEY_UISupportedInterfaceOrientations_iPad = "UIInterfaceOrientationPortrait UIInterfaceOrientationPortraitUpsideDown UIInterfaceOrientationLandscapeLeft UIInterfaceOrientationLandscapeRight";
				INFOPLIST_KEY_UISupportedInterfaceOrientations_iPhone = "UIInterfaceOrientationPortrait UIInterfaceOrientationLandscapeLeft UIInterfaceOrientationLandscapeRight";
				LD_RUNPATH_SEARCH_PATHS = (
					"$(inherited)",
					"@executable_path/Frameworks",
				);
				MARKETING_VERSION = 1.0;
				PRODUCT_BUNDLE_IDENTIFIER = elkingarcia.EmbarqueTenaresInternalApp;
				PRODUCT_NAME = "$(TARGET_NAME)";
				SWIFT_EMIT_LOC_STRINGS = YES;
				SWIFT_VERSION = 5.0;
				TARGETED_DEVICE_FAMILY = "1,2";
			};
			name = Release;
		};
/* End XCBuildConfiguration section */

/* Begin XCConfigurationList section */
		1EEE22A329A03298002ED389 /* Build configuration list for PBXProject "EmbarqueTenaresInternalApp" */ = {
			isa = XCConfigurationList;
			buildConfigurations = (
				1EEE22B429A03299002ED389 /* Debug */,
				1EEE22B529A03299002ED389 /* Release */,
			);
			defaultConfigurationIsVisible = 0;
			defaultConfigurationName = Release;
		};
		1EEE22B629A03299002ED389 /* Build configuration list for PBXNativeTarget "EmbarqueTenaresInternalApp" */ = {
			isa = XCConfigurationList;
			buildConfigurations = (
				1EEE22B729A03299002ED389 /* Debug */,
				1EEE22B829A03299002ED389 /* Release */,
			);
			defaultConfigurationIsVisible = 0;
			defaultConfigurationName = Release;
		};
/* End XCConfigurationList section */
	};
	rootObject = 1EEE22A029A03298002ED389 /* Project object */;
}
